Microsoft Visual Studio Solution File, Format Version 12.00
# Visual Studio Version 17
VisualStudioVersion = 17.5.2.0
MinimumVisualStudioVersion = 10.0.40219.1
Project("{FAE04EC0-301F-11D3-BF4B-00C04F79EFBC}") = "Checkout", "Checkout\Checkout.csproj", "{85135BDE-3823-B582-F3BE-96E1E6F09A67}"
EndProject
Global
	GlobalSection(SolutionConfigurationPlatforms) = preSolution
		Debug|Any CPU = Debug|Any CPU
		Release|Any CPU = Release|Any CPU
	EndGlobalSection
	GlobalSection(ProjectConfigurationPlatforms) = postSolution
		{85135BDE-3823-B582-F3BE-96E1E6F09A67}.Debug|Any CPU.ActiveCfg = Debug|Any CPU
		{85135BDE-3823-B582-F3BE-96E1E6F09A67}.Debug|Any CPU.Build.0 = Debug|Any CPU
		{85135BDE-3823-B582-F3BE-96E1E6F09A67}.Release|Any CPU.ActiveCfg = Release|Any CPU
		{85135BDE-3823-B582-F3BE-96E1E6F09A67}.Release|Any CPU.Build.0 = Release|Any CPU
	EndGlobalSection
	GlobalSection(SolutionProperties) = preSolution
		HideSolutionNode = FALSE
	EndGlobalSection
	GlobalSection(ExtensibilityGlobals) = postSolution
		SolutionGuid = {8F0B5268-7767-4B75-86C3-79B5DA926AAF}
	EndGlobalSection
EndGlobal
