Microsoft Visual Studio Solution File, Format Version 12.00
# Visual Studio Version 17
VisualStudioVersion = 17.5.2.0
MinimumVisualStudioVersion = 10.0.40219.1
Project("{FAE04EC0-301F-11D3-BF4B-00C04F79EFBC}") = "HouseholdAccounts", "HouseholdAccounts.csproj", "{BF66E8D5-93FB-CCB1-C201-80F35FBC0BA2}"
EndProject
Global
	GlobalSection(SolutionConfigurationPlatforms) = preSolution
		Debug|Any CPU = Debug|Any CPU
		Release|Any CPU = Release|Any CPU
	EndGlobalSection
	GlobalSection(ProjectConfigurationPlatforms) = postSolution
		{BF66E8D5-93FB-CCB1-C201-80F35FBC0BA2}.Debug|Any CPU.ActiveCfg = Debug|Any CPU
		{BF66E8D5-93FB-CCB1-C201-80F35FBC0BA2}.Debug|Any CPU.Build.0 = Debug|Any CPU
		{BF66E8D5-93FB-CCB1-C201-80F35FBC0BA2}.Release|Any CPU.ActiveCfg = Release|Any CPU
		{BF66E8D5-93FB-CCB1-C201-80F35FBC0BA2}.Release|Any CPU.Build.0 = Release|Any CPU
	EndGlobalSection
	GlobalSection(SolutionProperties) = preSolution
		HideSolutionNode = FALSE
	EndGlobalSection
	GlobalSection(ExtensibilityGlobals) = postSolution
		SolutionGuid = {18CEF26D-8093-44F9-A964-990C12CFF3F8}
	EndGlobalSection
EndGlobal
